// !$*UTF8*$!
{
	archiveVersion = 1;
	classes = {
	};
	objectVersion = 55;
	objects = {

/* Begin PBXBuildFile section */
		52D2F6252918E3C30048ED43 /* AppDelegate.swift in Sources */ = {isa = PBXBuildFile; fileRef = 52D2F6242918E3C30048ED43 /* AppDelegate.swift */; };
		52D2F6272918E3C30048ED43 /* SceneDelegate.swift in Sources */ = {isa = PBXBuildFile; fileRef = 52D2F6262918E3C30048ED43 /* SceneDelegate.swift */; };
		52D2F6292918E3C30048ED43 /* ViewController.swift in Sources */ = {isa = PBXBuildFile; fileRef = 52D2F6282918E3C30048ED43 /* ViewController.swift */; };
		52D2F62C2918E3C30048ED43 /* Main.storyboard in Resources */ = {isa = PBXBuildFile; fileRef = 52D2F62A2918E3C30048ED43 /* Main.storyboard */; };
		52D2F62E2918E3C70048ED43 /* Assets.xcassets in Resources */ = {isa = PBXBuildFile; fileRef = 52D2F62D2918E3C70048ED43 /* Assets.xcassets */; };
		52D2F6312918E3C70048ED43 /* LaunchScreen.storyboard in Resources */ = {isa = PBXBuildFile; fileRef = 52D2F62F2918E3C70048ED43 /* LaunchScreen.storyboard */; };
		52D2F6392918E4830048ED43 /* CryptoTableViewCell.swift in Sources */ = {isa = PBXBuildFile; fileRef = 52D2F6382918E4830048ED43 /* CryptoTableViewCell.swift */; };
		52D2F63F2918E5EE0048ED43 /* CryptoCurrency.swift in Sources */ = {isa = PBXBuildFile; fileRef = 52D2F63E2918E5EE0048ED43 /* CryptoCurrency.swift */; };
		52D2F6412918E6990048ED43 /* Webservice.swift in Sources */ = {isa = PBXBuildFile; fileRef = 52D2F6402918E6990048ED43 /* Webservice.swift */; };
		52D2F6432918E94A0048ED43 /* CryptoViewModel.swift in Sources */ = {isa = PBXBuildFile; fileRef = 52D2F6422918E94A0048ED43 /* CryptoViewModel.swift */; };
/* End PBXBuildFile section */

/* Begin PBXFileReference section */
		52D2F6212918E3C30048ED43 /* CryptoCrazy.app */ = {isa = PBXFileReference; explicitFileType = wrapper.application; includeInIndex = 0; path = CryptoCrazy.app; sourceTree = BUILT_PRODUCTS_DIR; };
		52D2F6242918E3C30048ED43 /* AppDelegate.swift */ = {isa = PBXFileReference; lastKnownFileType = sourcecode.swift; path = AppDelegate.swift; sourceTree = "<group>"; };
		52D2F6262918E3C30048ED43 /* SceneDelegate.swift */ = {isa = PBXFileReference; lastKnownFileType = sourcecode.swift; path = SceneDelegate.swift; sourceTree = "<group>"; };
		52D2F6282918E3C30048ED43 /* ViewController.swift */ = {isa = PBXFileReference; lastKnownFileType = sourcecode.swift; path = ViewController.swift; sourceTree = "<group>"; };
		52D2F62B2918E3C30048ED43 /* Base */ = {isa = PBXFileReference; lastKnownFileType = file.storyboard; name = Base; path = Base.lproj/Main.storyboard; sourceTree = "<group>"; };
		52D2F62D2918E3C70048ED43 /* Assets.xcassets */ = {isa = PBXFileReference; lastKnownFileType = folder.assetcatalog; path = Assets.xcassets; sourceTree = "<group>"; };
		52D2F6302918E3C70048ED43 /* Base */ = {isa = PBXFileReference; lastKnownFileType = file.storyboard; name = Base; path = Base.lproj/LaunchScreen.storyboard; sourceTree = "<group>"; };
		52D2F6322918E3C70048ED43 /* Info.plist */ = {isa = PBXFileReference; lastKnownFileType = text.plist.xml; path = Info.plist; sourceTree = "<group>"; };
		52D2F6382918E4830048ED43 /* CryptoTableViewCell.swift */ = {isa = PBXFileReference; lastKnownFileType = sourcecode.swift; path = CryptoTableViewCell.swift; sourceTree = "<group>"; };
		52D2F63E2918E5EE0048ED43 /* CryptoCurrency.swift */ = {isa = PBXFileReference; lastKnownFileType = sourcecode.swift; path = CryptoCurrency.swift; sourceTree = "<group>"; };
		52D2F6402918E6990048ED43 /* Webservice.swift */ = {isa = PBXFileReference; lastKnownFileType = sourcecode.swift; path = Webservice.swift; sourceTree = "<group>"; };
		52D2F6422918E94A0048ED43 /* CryptoViewModel.swift */ = {isa = PBXFileReference; lastKnownFileType = sourcecode.swift; path = CryptoViewModel.swift; sourceTree = "<group>"; };
/* End PBXFileReference section */

/* Begin PBXFrameworksBuildPhase section */
		52D2F61E2918E3C30048ED43 /* Frameworks */ = {
			isa = PBXFrameworksBuildPhase;
			buildActionMask = 2147483647;
			files = (
			);
			runOnlyForDeploymentPostprocessing = 0;
		};
/* End PBXFrameworksBuildPhase section */

/* Begin PBXGroup section */
		52D2F6182918E3C30048ED43 = {
			isa = PBXGroup;
			children = (
				52D2F6232918E3C30048ED43 /* CryptoCrazy */,
				52D2F6222918E3C30048ED43 /* Products */,
			);
			sourceTree = "<group>";
		};
		52D2F6222918E3C30048ED43 /* Products */ = {
			isa = PBXGroup;
			children = (
				52D2F6212918E3C30048ED43 /* CryptoCrazy.app */,
			);
			name = Products;
			sourceTree = "<group>";
		};
		52D2F6232918E3C30048ED43 /* CryptoCrazy */ = {
			isa = PBXGroup;
			children = (
				52D2F63D2918E5BF0048ED43 /* Service */,
				52D2F63C2918E5B80048ED43 /* ViewModel */,
				52D2F63B2918E5B50048ED43 /* Model */,
				52D2F63A2918E5B10048ED43 /* View */,
				52D2F62A2918E3C30048ED43 /* Main.storyboard */,
				52D2F62D2918E3C70048ED43 /* Assets.xcassets */,
				52D2F62F2918E3C70048ED43 /* LaunchScreen.storyboard */,
				52D2F6322918E3C70048ED43 /* Info.plist */,
			);
			path = CryptoCrazy;
			sourceTree = "<group>";
		};
		52D2F63A2918E5B10048ED43 /* View */ = {
			isa = PBXGroup;
			children = (
				52D2F6242918E3C30048ED43 /* AppDelegate.swift */,
				52D2F6262918E3C30048ED43 /* SceneDelegate.swift */,
				52D2F6282918E3C30048ED43 /* ViewController.swift */,
				52D2F6382918E4830048ED43 /* CryptoTableViewCell.swift */,
			);
			path = View;
			sourceTree = "<group>";
		};
		52D2F63B2918E5B50048ED43 /* Model */ = {
			isa = PBXGroup;
			children = (
				52D2F63E2918E5EE0048ED43 /* CryptoCurrency.swift */,
			);
			path = Model;
			sourceTree = "<group>";
		};
		52D2F63C2918E5B80048ED43 /* ViewModel */ = {
			isa = PBXGroup;
			children = (
				52D2F6422918E94A0048ED43 /* CryptoViewModel.swift */,
			);
			path = ViewModel;
			sourceTree = "<group>";
		};
		52D2F63D2918E5BF0048ED43 /* Service */ = {
			isa = PBXGroup;
			children = (
				52D2F6402918E6990048ED43 /* Webservice.swift */,
			);
			path = Service;
			sourceTree = "<group>";
		};
/* End PBXGroup section */

/* Begin PBXNativeTarget section */
		52D2F6202918E3C30048ED43 /* CryptoCrazy */ = {
			isa = PBXNativeTarget;
			buildConfigurationList = 52D2F6352918E3C70048ED43 /* Build configuration list for PBXNativeTarget "CryptoCrazy" */;
			buildPhases = (
				52D2F61D2918E3C30048ED43 /* Sources */,
				52D2F61E2918E3C30048ED43 /* Frameworks */,
				52D2F61F2918E3C30048ED43 /* Resources */,
			);
			buildRules = (
			);
			dependencies = (
			);
			name = CryptoCrazy;
			productName = CryptoCrazy;
			productReference = 52D2F6212918E3C30048ED43 /* CryptoCrazy.app */;
			productType = "com.apple.product-type.application";
		};
/* End PBXNativeTarget section */

/* Begin PBXProject section */
		52D2F6192918E3C30048ED43 /* Project object */ = {
			isa = PBXProject;
			attributes = {
				BuildIndependentTargetsInParallel = 1;
				LastSwiftUpdateCheck = 1340;
				LastUpgradeCheck = 1340;
				TargetAttributes = {
					52D2F6202918E3C30048ED43 = {
						CreatedOnToolsVersion = 13.4.1;
					};
				};
			};
			buildConfigurationList = 52D2F61C2918E3C30048ED43 /* Build configuration list for PBXProject "CryptoCrazy" */;
			compatibilityVersion = "Xcode 13.0";
			developmentRegion = en;
			hasScannedForEncodings = 0;
			knownRegions = (
				en,
				Base,
			);
			mainGroup = 52D2F6182918E3C30048ED43;
			productRefGroup = 52D2F6222918E3C30048ED43 /* Products */;
			projectDirPath = "";
			projectRoot = "";
			targets = (
				52D2F6202918E3C30048ED43 /* CryptoCrazy */,
			);
		};
/* End PBXProject section */

/* Begin PBXResourcesBuildPhase section */
		52D2F61F2918E3C30048ED43 /* Resources */ = {
			isa = PBXResourcesBuildPhase;
			buildActionMask = 2147483647;
			files = (
				52D2F6312918E3C70048ED43 /* LaunchScreen.storyboard in Resources */,
				52D2F62E2918E3C70048ED43 /* Assets.xcassets in Resources */,
				52D2F62C2918E3C30048ED43 /* Main.storyboard in Resources */,
			);
			runOnlyForDeploymentPostprocessing = 0;
		};
/* End PBXResourcesBuildPhase section */

/* Begin PBXSourcesBuildPhase section */
		52D2F61D2918E3C30048ED43 /* Sources */ = {
			isa = PBXSourcesBuildPhase;
			buildActionMask = 2147483647;
			files = (
				52D2F6392918E4830048ED43 /* CryptoTableViewCell.swift in Sources */,
				52D2F6292918E3C30048ED43 /* ViewController.swift in Sources */,
				52D2F6412918E6990048ED43 /* Webservice.swift in Sources */,
				52D2F6432918E94A0048ED43 /* CryptoViewModel.swift in Sources */,
				52D2F6252918E3C30048ED43 /* AppDelegate.swift in Sources */,
				52D2F63F2918E5EE0048ED43 /* CryptoCurrency.swift in Sources */,
				52D2F6272918E3C30048ED43 /* SceneDelegate.swift in Sources */,
			);
			runOnlyForDeploymentPostprocessing = 0;
		};
/* End PBXSourcesBuildPhase section */

/* Begin PBXVariantGroup section */
		52D2F62A2918E3C30048ED43 /* Main.storyboard */ = {
			isa = PBXVariantGroup;
			children = (
				52D2F62B2918E3C30048ED43 /* Base */,
			);
			name = Main.storyboard;
			sourceTree = "<group>";
		};
		52D2F62F2918E3C70048ED43 /* LaunchScreen.storyboard */ = {
			isa = PBXVariantGroup;
			children = (
				52D2F6302918E3C70048ED43 /* Base */,
			);
			name = LaunchScreen.storyboard;
			sourceTree = "<group>";
		};
/* End PBXVariantGroup section */

/* Begin XCBuildConfiguration section */
		52D2F6332918E3C70048ED43 /* Debug */ = {
			isa = XCBuildConfiguration;
			buildSettings = {
				ALWAYS_SEARCH_USER_PATHS = NO;
				CLANG_ANALYZER_NONNULL = YES;
				CLANG_ANALYZER_NUMBER_OBJECT_CONVERSION = YES_AGGRESSIVE;
				CLANG_CXX_LANGUAGE_STANDARD = "gnu++17";
				CLANG_ENABLE_MODULES = YES;
				CLANG_ENABLE_OBJC_ARC = YES;
				CLANG_ENABLE_OBJC_WEAK = YES;
				CLANG_WARN_BLOCK_CAPTURE_AUTORELEASING = YES;
				CLANG_WARN_BOOL_CONVERSION = YES;
				CLANG_WARN_COMMA = YES;
				CLANG_WARN_CONSTANT_CONVERSION = YES;
				CLANG_WARN_DEPRECATED_OBJC_IMPLEMENTATIONS = YES;
				CLANG_WARN_DIRECT_OBJC_ISA_USAGE = YES_ERROR;
				CLANG_WARN_DOCUMENTATION_COMMENTS = YES;
				CLANG_WARN_EMPTY_BODY = YES;
				CLANG_WARN_ENUM_CONVERSION = YES;
				CLANG_WARN_INFINITE_RECURSION = YES;
				CLANG_WARN_INT_CONVERSION = YES;
				CLANG_WARN_NON_LITERAL_NULL_CONVERSION = YES;
				CLANG_WARN_OBJC_IMPLICIT_RETAIN_SELF = YES;
				CLANG_WARN_OBJC_LITERAL_CONVERSION = YES;
				CLANG_WARN_OBJC_ROOT_CLASS = YES_ERROR;
				CLANG_WARN_QUOTED_INCLUDE_IN_FRAMEWORK_HEADER = YES;
				CLANG_WARN_RANGE_LOOP_ANALYSIS = YES;
				CLANG_WARN_STRICT_PROTOTYPES = YES;
				CLANG_WARN_SUSPICIOUS_MOVE = YES;
				CLANG_WARN_UNGUARDED_AVAILABILITY = YES_AGGRESSIVE;
				CLANG_WARN_UNREACHABLE_CODE = YES;
				CLANG_WARN__DUPLICATE_METHOD_MATCH = YES;
				COPY_PHASE_STRIP = NO;
				DEBUG_INFORMATION_FORMAT = dwarf;
				ENABLE_STRICT_OBJC_MSGSEND = YES;
				ENABLE_TESTABILITY = YES;
				GCC_C_LANGUAGE_STANDARD = gnu11;
				GCC_DYNAMIC_NO_PIC = NO;
				GCC_NO_COMMON_BLOCKS = YES;
				GCC_OPTIMIZATION_LEVEL = 0;
				GCC_PREPROCESSOR_DEFINITIONS = (
					"DEBUG=1",
					"$(inherited)",
				);
				GCC_WARN_64_TO_32_BIT_CONVERSION = YES;
				GCC_WARN_ABOUT_RETURN_TYPE = YES_ERROR;
				GCC_WARN_UNDECLARED_SELECTOR = YES;
				GCC_WARN_UNINITIALIZED_AUTOS = YES_AGGRESSIVE;
				GCC_WARN_UNUSED_FUNCTION = YES;
				GCC_WARN_UNUSED_VARIABLE = YES;
				IPHONEOS_DEPLOYMENT_TARGET = 15.5;
				MTL_ENABLE_DEBUG_INFO = INCLUDE_SOURCE;
				MTL_FAST_MATH = YES;
				ONLY_ACTIVE_ARCH = YES;
				SDKROOT = iphoneos;
				SWIFT_ACTIVE_COMPILATION_CONDITIONS = DEBUG;
				SWIFT_OPTIMIZATION_LEVEL = "-Onone";
			};
			name = Debug;
		};
		52D2F6342918E3C70048ED43 /* Release */ = {
			isa = XCBuildConfiguration;
			buildSettings = {
				ALWAYS_SEARCH_USER_PATHS = NO;
				CLANG_ANALYZER_NONNULL = YES;
				CLANG_ANALYZER_NUMBER_OBJECT_CONVERSION = YES_AGGRESSIVE;
				CLANG_CXX_LANGUAGE_STANDARD = "gnu++17";
				CLANG_ENABLE_MODULES = YES;
				CLANG_ENABLE_OBJC_ARC = YES;
				CLANG_ENABLE_OBJC_WEAK = YES;
				CLANG_WARN_BLOCK_CAPTURE_AUTORELEASING = YES;
				CLANG_WARN_BOOL_CONVERSION = YES;
				CLANG_WARN_COMMA = YES;
				CLANG_WARN_CONSTANT_CONVERSION = YES;
				CLANG_WARN_DEPRECATED_OBJC_IMPLEMENTATIONS = YES;
				CLANG_WARN_DIRECT_OBJC_ISA_USAGE = YES_ERROR;
				CLANG_WARN_DOCUMENTATION_COMMENTS = YES;
				CLANG_WARN_EMPTY_BODY = YES;
				CLANG_WARN_ENUM_CONVERSION = YES;
				CLANG_WARN_INFINITE_RECURSION = YES;
				CLANG_WARN_INT_CONVERSION = YES;
				CLANG_WARN_NON_LITERAL_NULL_CONVERSION = YES;
				CLANG_WARN_OBJC_IMPLICIT_RETAIN_SELF = YES;
				CLANG_WARN_OBJC_LITERAL_CONVERSION = YES;
				CLANG_WARN_OBJC_ROOT_CLASS = YES_ERROR;
				CLANG_WARN_QUOTED_INCLUDE_IN_FRAMEWORK_HEADER = YES;
				CLANG_WARN_RANGE_LOOP_ANALYSIS = YES;
				CLANG_WARN_STRICT_PROTOTYPES = YES;
				CLANG_WARN_SUSPICIOUS_MOVE = YES;
				CLANG_WARN_UNGUARDED_AVAILABILITY = YES_AGGRESSIVE;
				CLANG_WARN_UNREACHABLE_CODE = YES;
				CLANG_WARN__DUPLICATE_METHOD_MATCH = YES;
				COPY_PHASE_STRIP = NO;
				DEBUG_INFORMATION_FORMAT = "dwarf-with-dsym";
				ENABLE_NS_ASSERTIONS = NO;
				ENABLE_STRICT_OBJC_MSGSEND = YES;
				GCC_C_LANGUAGE_STANDARD = gnu11;
				GCC_NO_COMMON_BLOCKS = YES;
				GCC_WARN_64_TO_32_BIT_CONVERSION = YES;
				GCC_WARN_ABOUT_RETURN_TYPE = YES_ERROR;
				GCC_WARN_UNDECLARED_SELECTOR = YES;
				GCC_WARN_UNINITIALIZED_AUTOS = YES_AGGRESSIVE;
				GCC_WARN_UNUSED_FUNCTION = YES;
				GCC_WARN_UNUSED_VARIABLE = YES;
				IPHONEOS_DEPLOYMENT_TARGET = 15.5;
				MTL_ENABLE_DEBUG_INFO = NO;
				MTL_FAST_MATH = YES;
				SDKROOT = iphoneos;
				SWIFT_COMPILATION_MODE = wholemodule;
				SWIFT_OPTIMIZATION_LEVEL = "-O";
				VALIDATE_PRODUCT = YES;
			};
			name = Release;
		};
		52D2F6362918E3C70048ED43 /* Debug */ = {
			isa = XCBuildConfiguration;
			buildSettings = {
				ASSETCATALOG_COMPILER_APPICON_NAME = AppIcon;
				ASSETCATALOG_COMPILER_GLOBAL_ACCENT_COLOR_NAME = AccentColor;
				CODE_SIGN_STYLE = Automatic;
				CURRENT_PROJECT_VERSION = 1;
				GENERATE_INFOPLIST_FILE = YES;
				INFOPLIST_FILE = CryptoCrazy/Info.plist;
				INFOPLIST_KEY_UIApplicationSupportsIndirectInputEvents = YES;
				INFOPLIST_KEY_UILaunchStoryboardName = LaunchScreen;
				INFOPLIST_KEY_UIMainStoryboardFile = Main;
				INFOPLIST_KEY_UISupportedInterfaceOrientations_iPad = "UIInterfaceOrientationPortrait UIInterfaceOrientationPortraitUpsideDown UIInterfaceOrientationLandscapeLeft UIInterfaceOrientationLandscapeRight";
				INFOPLIST_KEY_UISupportedInterfaceOrientations_iPhone = "UIInterfaceOrientationPortrait UIInterfaceOrientationLandscapeLeft UIInterfaceOrientationLandscapeRight";
				LD_RUNPATH_SEARCH_PATHS = (
					"$(inherited)",
					"@executable_path/Frameworks",
				);
				MARKETING_VERSION = 1.0;
				PRODUCT_BUNDLE_IDENTIFIER = com.hakanakkus.CryptoCrazy;
				PRODUCT_NAME = "$(TARGET_NAME)";
				SWIFT_EMIT_LOC_STRINGS = YES;
				SWIFT_VERSION = 5.0;
				TARGETED_DEVICE_FAMILY = "1,2";
			};
			name = Debug;
		};
		52D2F6372918E3C70048ED43 /* Release */ = {
			isa = XCBuildConfiguration;
			buildSettings = {
				ASSETCATALOG_COMPILER_APPICON_NAME = AppIcon;
				ASSETCATALOG_COMPILER_GLOBAL_ACCENT_COLOR_NAME = AccentColor;
				CODE_SIGN_STYLE = Automatic;
				CURRENT_PROJECT_VERSION = 1;
				GENERATE_INFOPLIST_FILE = YES;
				INFOPLIST_FILE = CryptoCrazy/Info.plist;
				INFOPLIST_KEY_UIApplicationSupportsIndirectInputEvents = YES;
				INFOPLIST_KEY_UILaunchStoryboardName = LaunchScreen;
				INFOPLIST_KEY_UIMainStoryboardFile = Main;
				INFOPLIST_KEY_UISupportedInterfaceOrientations_iPad = "UIInterfaceOrientationPortrait UIInterfaceOrientationPortraitUpsideDown UIInterfaceOrientationLandscapeLeft UIInterfaceOrientationLandscapeRight";
				INFOPLIST_KEY_UISupportedInterfaceOrientations_iPhone = "UIInterfaceOrientationPortrait UIInterfaceOrientationLandscapeLeft UIInterfaceOrientationLandscapeRight";
				LD_RUNPATH_SEARCH_PATHS = (
					"$(inherited)",
					"@executable_path/Frameworks",
				);
				MARKETING_VERSION = 1.0;
				PRODUCT_BUNDLE_IDENTIFIER = com.hakanakkus.CryptoCrazy;
				PRODUCT_NAME = "$(TARGET_NAME)";
				SWIFT_EMIT_LOC_STRINGS = YES;
				SWIFT_VERSION = 5.0;
				TARGETED_DEVICE_FAMILY = "1,2";
			};
			name = Release;
		};
/* End XCBuildConfiguration section */

/* Begin XCConfigurationList section */
		52D2F61C2918E3C30048ED43 /* Build configuration list for PBXProject "CryptoCrazy" */ = {
			isa = XCConfigurationList;
			buildConfigurations = (
				52D2F6332918E3C70048ED43 /* Debug */,
				52D2F6342918E3C70048ED43 /* Release */,
			);
			defaultConfigurationIsVisible = 0;
			defaultConfigurationName = Release;
		};
		52D2F6352918E3C70048ED43 /* Build configuration list for PBXNativeTarget "CryptoCrazy" */ = {
			isa = XCConfigurationList;
			buildConfigurations = (
				52D2F6362918E3C70048ED43 /* Debug */,
				52D2F6372918E3C70048ED43 /* Release */,
			);
			defaultConfigurationIsVisible = 0;
			defaultConfigurationName = Release;
		};
/* End XCConfigurationList section */
	};
	rootObject = 52D2F6192918E3C30048ED43 /* Project object */;
}
